
Microsoft Visual Studio Solution File, Format Version 12.00
# Visual Studio Version 16
VisualStudioVersion = 16.0.30517.126
MinimumVisualStudioVersion = 10.0.40219.1
Project("{FAE04EC0-301F-11D3-BF4B-00C04F79EFBC}") = "TipApp", "TipApp\TipApp.csproj", "{C7AFDC02-3F13-4C8B-A389-C7E4277C6757}"
EndProject
Global
	GlobalSection(SolutionConfigurationPlatforms) = preSolution
		Debug|Any CPU = Debug|Any CPU
		Release|Any CPU = Release|Any CPU
	EndGlobalSection
	GlobalSection(ProjectConfigurationPlatforms) = postSolution
		{C7AFDC02-3F13-4C8B-A389-C7E4277C6757}.Debug|Any CPU.ActiveCfg = Debug|Any CPU
		{C7AFDC02-3F13-4C8B-A389-C7E4277C6757}.Debug|Any CPU.Build.0 = Debug|Any CPU
		{C7AFDC02-3F13-4C8B-A389-C7E4277C6757}.Release|Any CPU.ActiveCfg = Release|Any CPU
		{C7AFDC02-3F13-4C8B-A389-C7E4277C6757}.Release|Any CPU.Build.0 = Release|Any CPU
	EndGlobalSection
	GlobalSection(SolutionProperties) = preSolution
		HideSolutionNode = FALSE
	EndGlobalSection
	GlobalSection(ExtensibilityGlobals) = postSolution
		SolutionGuid = {796328AE-4410-4332-8C55-53BF2E1EBBAD}
	EndGlobalSection
EndGlobal
